
Microsoft Visual Studio Solution File, Format Version 11.00
# Visual Studio 2010
Project("{FAE04EC0-301F-11D3-BF4B-00C04F79EFBC}") = "Uno", "Uno\Uno.csproj", "{7A53C58E-38CC-4AEF-B0C8-7640D6714A21}"
EndProject
Project("{FAE04EC0-301F-11D3-BF4B-00C04F79EFBC}") = "UnoSrv", "UnoSrv\UnoSrv.csproj", "{E951B93F-ACE8-4B63-A2C7-10799E2DC53B}"
EndProject
Project("{FAE04EC0-301F-11D3-BF4B-00C04F79EFBC}") = "Nito.Async", "Nito.Async\Nito.Async.csproj", "{708763ED-7801-4F2C-B103-4FEBD771769A}"
EndProject
Project("{FAE04EC0-301F-11D3-BF4B-00C04F79EFBC}") = "Nito.Async.Sockets", "Nito.Async.Sockets\Nito.Async.Sockets.csproj", "{B412B766-BEC2-407C-A7A1-0E5257511515}"
EndProject
Project("{FAE04EC0-301F-11D3-BF4B-00C04F79EFBC}") = "UnoC", "UnoC\UnoC.csproj", "{91DEA156-61F2-484D-B0AB-360A657FBBF3}"
EndProject
Global
	GlobalSection(SolutionConfigurationPlatforms) = preSolution
		Debug|Any CPU = Debug|Any CPU
		Debug|Mixed Platforms = Debug|Mixed Platforms
		Debug|x86 = Debug|x86
		Release|Any CPU = Release|Any CPU
		Release|Mixed Platforms = Release|Mixed Platforms
		Release|x86 = Release|x86
	EndGlobalSection
	GlobalSection(ProjectConfigurationPlatforms) = postSolution
		{7A53C58E-38CC-4AEF-B0C8-7640D6714A21}.Debug|Any CPU.ActiveCfg = Debug|x86
		{7A53C58E-38CC-4AEF-B0C8-7640D6714A21}.Debug|Mixed Platforms.ActiveCfg = Debug|x86
		{7A53C58E-38CC-4AEF-B0C8-7640D6714A21}.Debug|Mixed Platforms.Build.0 = Debug|x86
		{7A53C58E-38CC-4AEF-B0C8-7640D6714A21}.Debug|x86.ActiveCfg = Debug|x86
		{7A53C58E-38CC-4AEF-B0C8-7640D6714A21}.Debug|x86.Build.0 = Debug|x86
		{7A53C58E-38CC-4AEF-B0C8-7640D6714A21}.Release|Any CPU.ActiveCfg = Release|x86
		{7A53C58E-38CC-4AEF-B0C8-7640D6714A21}.Release|Mixed Platforms.ActiveCfg = Release|x86
		{7A53C58E-38CC-4AEF-B0C8-7640D6714A21}.Release|Mixed Platforms.Build.0 = Release|x86
		{7A53C58E-38CC-4AEF-B0C8-7640D6714A21}.Release|x86.ActiveCfg = Release|x86
		{7A53C58E-38CC-4AEF-B0C8-7640D6714A21}.Release|x86.Build.0 = Release|x86
		{E951B93F-ACE8-4B63-A2C7-10799E2DC53B}.Debug|Any CPU.ActiveCfg = Debug|x86
		{E951B93F-ACE8-4B63-A2C7-10799E2DC53B}.Debug|Mixed Platforms.ActiveCfg = Debug|x86
		{E951B93F-ACE8-4B63-A2C7-10799E2DC53B}.Debug|Mixed Platforms.Build.0 = Debug|x86
		{E951B93F-ACE8-4B63-A2C7-10799E2DC53B}.Debug|x86.ActiveCfg = Debug|x86
		{E951B93F-ACE8-4B63-A2C7-10799E2DC53B}.Debug|x86.Build.0 = Debug|x86
		{E951B93F-ACE8-4B63-A2C7-10799E2DC53B}.Release|Any CPU.ActiveCfg = Release|x86
		{E951B93F-ACE8-4B63-A2C7-10799E2DC53B}.Release|Mixed Platforms.ActiveCfg = Release|x86
		{E951B93F-ACE8-4B63-A2C7-10799E2DC53B}.Release|Mixed Platforms.Build.0 = Release|x86
		{E951B93F-ACE8-4B63-A2C7-10799E2DC53B}.Release|x86.ActiveCfg = Release|x86
		{E951B93F-ACE8-4B63-A2C7-10799E2DC53B}.Release|x86.Build.0 = Release|x86
		{708763ED-7801-4F2C-B103-4FEBD771769A}.Debug|Any CPU.ActiveCfg = Debug|Any CPU
		{708763ED-7801-4F2C-B103-4FEBD771769A}.Debug|Any CPU.Build.0 = Debug|Any CPU
		{708763ED-7801-4F2C-B103-4FEBD771769A}.Debug|Mixed Platforms.ActiveCfg = Debug|Any CPU
		{708763ED-7801-4F2C-B103-4FEBD771769A}.Debug|Mixed Platforms.Build.0 = Debug|Any CPU
		{708763ED-7801-4F2C-B103-4FEBD771769A}.Debug|x86.ActiveCfg = Debug|Any CPU
		{708763ED-7801-4F2C-B103-4FEBD771769A}.Release|Any CPU.ActiveCfg = Release|Any CPU
		{708763ED-7801-4F2C-B103-4FEBD771769A}.Release|Any CPU.Build.0 = Release|Any CPU
		{708763ED-7801-4F2C-B103-4FEBD771769A}.Release|Mixed Platforms.ActiveCfg = Release|Any CPU
		{708763ED-7801-4F2C-B103-4FEBD771769A}.Release|Mixed Platforms.Build.0 = Release|Any CPU
		{708763ED-7801-4F2C-B103-4FEBD771769A}.Release|x86.ActiveCfg = Release|Any CPU
		{B412B766-BEC2-407C-A7A1-0E5257511515}.Debug|Any CPU.ActiveCfg = Debug|Any CPU
		{B412B766-BEC2-407C-A7A1-0E5257511515}.Debug|Any CPU.Build.0 = Debug|Any CPU
		{B412B766-BEC2-407C-A7A1-0E5257511515}.Debug|Mixed Platforms.ActiveCfg = Debug|Any CPU
		{B412B766-BEC2-407C-A7A1-0E5257511515}.Debug|Mixed Platforms.Build.0 = Debug|Any CPU
		{B412B766-BEC2-407C-A7A1-0E5257511515}.Debug|x86.ActiveCfg = Debug|Any CPU
		{B412B766-BEC2-407C-A7A1-0E5257511515}.Release|Any CPU.ActiveCfg = Release|Any CPU
		{B412B766-BEC2-407C-A7A1-0E5257511515}.Release|Any CPU.Build.0 = Release|Any CPU
		{B412B766-BEC2-407C-A7A1-0E5257511515}.Release|Mixed Platforms.ActiveCfg = Release|Any CPU
		{B412B766-BEC2-407C-A7A1-0E5257511515}.Release|Mixed Platforms.Build.0 = Release|Any CPU
		{B412B766-BEC2-407C-A7A1-0E5257511515}.Release|x86.ActiveCfg = Release|Any CPU
		{91DEA156-61F2-484D-B0AB-360A657FBBF3}.Debug|Any CPU.ActiveCfg = Debug|Any CPU
		{91DEA156-61F2-484D-B0AB-360A657FBBF3}.Debug|Any CPU.Build.0 = Debug|Any CPU
		{91DEA156-61F2-484D-B0AB-360A657FBBF3}.Debug|Mixed Platforms.ActiveCfg = Debug|Any CPU
		{91DEA156-61F2-484D-B0AB-360A657FBBF3}.Debug|Mixed Platforms.Build.0 = Debug|Any CPU
		{91DEA156-61F2-484D-B0AB-360A657FBBF3}.Debug|x86.ActiveCfg = Debug|Any CPU
		{91DEA156-61F2-484D-B0AB-360A657FBBF3}.Release|Any CPU.ActiveCfg = Release|Any CPU
		{91DEA156-61F2-484D-B0AB-360A657FBBF3}.Release|Any CPU.Build.0 = Release|Any CPU
		{91DEA156-61F2-484D-B0AB-360A657FBBF3}.Release|Mixed Platforms.ActiveCfg = Release|Any CPU
		{91DEA156-61F2-484D-B0AB-360A657FBBF3}.Release|Mixed Platforms.Build.0 = Release|Any CPU
		{91DEA156-61F2-484D-B0AB-360A657FBBF3}.Release|x86.ActiveCfg = Release|Any CPU
	EndGlobalSection
	GlobalSection(SolutionProperties) = preSolution
		HideSolutionNode = FALSE
	EndGlobalSection
EndGlobal
